// !$*UTF8*$!
{
	archiveVersion = 1;
	classes = {
	};
	objectVersion = 46;
	objects = {

/* Begin PBXBuildFile section */
		2345490118937D5B00CC674C /* idle.jpg in Resources */ = {isa = PBXBuildFile; fileRef = 2345490018937D5B00CC674C /* idle.jpg */; };
		23DAACE618933AD30016CE31 /* Foundation.framework in Frameworks */ = {isa = PBXBuildFile; fileRef = 23DAACE518933AD30016CE31 /* Foundation.framework */; };
		23DAACE818933AD30016CE31 /* CoreGraphics.framework in Frameworks */ = {isa = PBXBuildFile; fileRef = 23DAACE718933AD30016CE31 /* CoreGraphics.framework */; };
		23DAACEA18933AD30016CE31 /* UIKit.framework in Frameworks */ = {isa = PBXBuildFile; fileRef = 23DAACE918933AD30016CE31 /* UIKit.framework */; };
		23DAACEC18933AD30016CE31 /* SpriteKit.framework in Frameworks */ = {isa = PBXBuildFile; fileRef = 23DAACEB18933AD30016CE31 /* SpriteKit.framework */; };
		23DAACF218933AD30016CE31 /* InfoPlist.strings in Resources */ = {isa = PBXBuildFile; fileRef = 23DAACF018933AD30016CE31 /* InfoPlist.strings */; };
		23DAACF418933AD30016CE31 /* main.m in Sources */ = {isa = PBXBuildFile; fileRef = 23DAACF318933AD30016CE31 /* main.m */; };
		23DAACF818933AD30016CE31 /* PTAppDelegate.m in Sources */ = {isa = PBXBuildFile; fileRef = 23DAACF718933AD30016CE31 /* PTAppDelegate.m */; };
		23DAACFB18933AD30016CE31 /* Main.storyboard in Resources */ = {isa = PBXBuildFile; fileRef = 23DAACF918933AD30016CE31 /* Main.storyboard */; };
		23DAACFE18933AD30016CE31 /* PTViewController.m in Sources */ = {isa = PBXBuildFile; fileRef = 23DAACFD18933AD30016CE31 /* PTViewController.m */; };
		23DAAD0518933AD30016CE31 /* Images.xcassets in Resources */ = {isa = PBXBuildFile; fileRef = 23DAAD0418933AD30016CE31 /* Images.xcassets */; };
		23DAAD0C18933AD30016CE31 /* XCTest.framework in Frameworks */ = {isa = PBXBuildFile; fileRef = 23DAAD0B18933AD30016CE31 /* XCTest.framework */; };
		23DAAD0D18933AD30016CE31 /* Foundation.framework in Frameworks */ = {isa = PBXBuildFile; fileRef = 23DAACE518933AD30016CE31 /* Foundation.framework */; };
		23DAAD0E18933AD30016CE31 /* UIKit.framework in Frameworks */ = {isa = PBXBuildFile; fileRef = 23DAACE918933AD30016CE31 /* UIKit.framework */; };
		23DAAD1618933AD30016CE31 /* InfoPlist.strings in Resources */ = {isa = PBXBuildFile; fileRef = 23DAAD1418933AD30016CE31 /* InfoPlist.strings */; };
		23DAAD1818933AD30016CE31 /* PitaBreadTests.m in Sources */ = {isa = PBXBuildFile; fileRef = 23DAAD1718933AD30016CE31 /* PitaBreadTests.m */; };
		23DAAD231893431A0016CE31 /* PTCritter.m in Sources */ = {isa = PBXBuildFile; fileRef = 23DAAD221893431A0016CE31 /* PTCritter.m */; };
		23DAAD31189370B30016CE31 /* idle.jpg in Resources */ = {isa = PBXBuildFile; fileRef = 23DAAD30189370B30016CE31 /* idle.jpg */; };
		C4878960189351DE009D79D5 /* PTHotPocketDetector.m in Sources */ = {isa = PBXBuildFile; fileRef = C487895F189351DE009D79D5 /* PTHotPocketDetector.m */; };
		C487896718936D78009D79D5 /* PTColorHistogram.m in Sources */ = {isa = PBXBuildFile; fileRef = C487896518936D78009D79D5 /* PTColorHistogram.m */; };
		C487896818936D78009D79D5 /* test_photo.jpg in Resources */ = {isa = PBXBuildFile; fileRef = C487896618936D78009D79D5 /* test_photo.jpg */; };
		D43F94CA1893A116000C1B51 /* PTConstants.m in Sources */ = {isa = PBXBuildFile; fileRef = D43F94C91893A116000C1B51 /* PTConstants.m */; };
		F12630271893B183008D8989 /* camera.png in Resources */ = {isa = PBXBuildFile; fileRef = F12630261893B183008D8989 /* camera.png */; };
		F12630291893BF20008D8989 /* bowl.png in Resources */ = {isa = PBXBuildFile; fileRef = F12630281893BF20008D8989 /* bowl.png */; };
		F126302B1893BF28008D8989 /* sprite_eating.png in Resources */ = {isa = PBXBuildFile; fileRef = F126302A1893BF28008D8989 /* sprite_eating.png */; };
		F14246B81893CF4D002033BD /* eating1.png in Resources */ = {isa = PBXBuildFile; fileRef = F14246AE1893CF4D002033BD /* eating1.png */; };
		F14246B91893CF4D002033BD /* eating10.png in Resources */ = {isa = PBXBuildFile; fileRef = F14246AF1893CF4D002033BD /* eating10.png */; };
		F14246BA1893CF4D002033BD /* eating2.png in Resources */ = {isa = PBXBuildFile; fileRef = F14246B01893CF4D002033BD /* eating2.png */; };
		F14246BB1893CF4D002033BD /* eating3.png in Resources */ = {isa = PBXBuildFile; fileRef = F14246B11893CF4D002033BD /* eating3.png */; };
		F14246BC1893CF4D002033BD /* eating4.png in Resources */ = {isa = PBXBuildFile; fileRef = F14246B21893CF4D002033BD /* eating4.png */; };
		F14246BD1893CF4D002033BD /* eating5.png in Resources */ = {isa = PBXBuildFile; fileRef = F14246B31893CF4D002033BD /* eating5.png */; };
		F14246BE1893CF4D002033BD /* eating6.png in Resources */ = {isa = PBXBuildFile; fileRef = F14246B41893CF4D002033BD /* eating6.png */; };
		F14246BF1893CF4D002033BD /* eating7.png in Resources */ = {isa = PBXBuildFile; fileRef = F14246B51893CF4D002033BD /* eating7.png */; };
		F14246C01893CF4D002033BD /* eating8.png in Resources */ = {isa = PBXBuildFile; fileRef = F14246B61893CF4D002033BD /* eating8.png */; };
		F14246C11893CF4D002033BD /* eating9.png in Resources */ = {isa = PBXBuildFile; fileRef = F14246B71893CF4D002033BD /* eating9.png */; };
		F14246CA1893D41E002033BD /* idle1.png in Resources */ = {isa = PBXBuildFile; fileRef = F14246C31893D41E002033BD /* idle1.png */; };
		F14246CB1893D41E002033BD /* idle2.png in Resources */ = {isa = PBXBuildFile; fileRef = F14246C41893D41E002033BD /* idle2.png */; };
		F14246CC1893D41E002033BD /* idle3.png in Resources */ = {isa = PBXBuildFile; fileRef = F14246C51893D41E002033BD /* idle3.png */; };
		F14246CD1893D41E002033BD /* idle4.png in Resources */ = {isa = PBXBuildFile; fileRef = F14246C61893D41E002033BD /* idle4.png */; };
		F14246CE1893D41E002033BD /* idle5.png in Resources */ = {isa = PBXBuildFile; fileRef = F14246C71893D41E002033BD /* idle5.png */; };
		F14246CF1893D41E002033BD /* idle6.png in Resources */ = {isa = PBXBuildFile; fileRef = F14246C81893D41E002033BD /* idle6.png */; };
		F14246D01893D41E002033BD /* idle7.png in Resources */ = {isa = PBXBuildFile; fileRef = F14246C91893D41E002033BD /* idle7.png */; };
		F14246D21893D6AE002033BD /* bowl.png in Resources */ = {isa = PBXBuildFile; fileRef = F14246D11893D6AE002033BD /* bowl.png */; };
		F14246E31893DCF9002033BD /* happ6.png in Resources */ = {isa = PBXBuildFile; fileRef = F14246D41893DCF9002033BD /* happ6.png */; };
		F14246E41893DCF9002033BD /* happy1.png in Resources */ = {isa = PBXBuildFile; fileRef = F14246D51893DCF9002033BD /* happy1.png */; };
		F14246E51893DCF9002033BD /* happy2.png in Resources */ = {isa = PBXBuildFile; fileRef = F14246D61893DCF9002033BD /* happy2.png */; };
		F14246E61893DCF9002033BD /* happy3.png in Resources */ = {isa = PBXBuildFile; fileRef = F14246D71893DCF9002033BD /* happy3.png */; };
		F14246E71893DCF9002033BD /* happy4.png in Resources */ = {isa = PBXBuildFile; fileRef = F14246D81893DCF9002033BD /* happy4.png */; };
		F14246E81893DCF9002033BD /* happy5.png in Resources */ = {isa = PBXBuildFile; fileRef = F14246D91893DCF9002033BD /* happy5.png */; };
		F14246E91893DCF9002033BD /* mad1.png in Resources */ = {isa = PBXBuildFile; fileRef = F14246DB1893DCF9002033BD /* mad1.png */; };
		F14246EA1893DCF9002033BD /* mad2.png in Resources */ = {isa = PBXBuildFile; fileRef = F14246DC1893DCF9002033BD /* mad2.png */; };
		F14246EB1893DCF9002033BD /* mad3.png in Resources */ = {isa = PBXBuildFile; fileRef = F14246DD1893DCF9002033BD /* mad3.png */; };
		F14246EC1893DCF9002033BD /* mad4.png in Resources */ = {isa = PBXBuildFile; fileRef = F14246DE1893DCF9002033BD /* mad4.png */; };
		F14246ED1893DCF9002033BD /* mad5.png in Resources */ = {isa = PBXBuildFile; fileRef = F14246DF1893DCF9002033BD /* mad5.png */; };
		F14246EE1893DCF9002033BD /* mad6.png in Resources */ = {isa = PBXBuildFile; fileRef = F14246E01893DCF9002033BD /* mad6.png */; };
		F14246EF1893DCF9002033BD /* mad7.png in Resources */ = {isa = PBXBuildFile; fileRef = F14246E11893DCF9002033BD /* mad7.png */; };
		F14246F01893DCF9002033BD /* mad8.png in Resources */ = {isa = PBXBuildFile; fileRef = F14246E21893DCF9002033BD /* mad8.png */; };
/* End PBXBuildFile section */

/* Begin PBXContainerItemProxy section */
		23DAAD0F18933AD30016CE31 /* PBXContainerItemProxy */ = {
			isa = PBXContainerItemProxy;
			containerPortal = 23DAACDA18933AD30016CE31 /* Project object */;
			proxyType = 1;
			remoteGlobalIDString = 23DAACE118933AD30016CE31;
			remoteInfo = PitaBread;
		};
/* End PBXContainerItemProxy section */

/* Begin PBXFileReference section */
		2345490018937D5B00CC674C /* idle.jpg */ = {isa = PBXFileReference; lastKnownFileType = image.jpeg; path = idle.jpg; sourceTree = SOURCE_ROOT; };
		23DAACE218933AD30016CE31 /* PitaBread.app */ = {isa = PBXFileReference; explicitFileType = wrapper.application; includeInIndex = 0; path = PitaBread.app; sourceTree = BUILT_PRODUCTS_DIR; };
		23DAACE518933AD30016CE31 /* Foundation.framework */ = {isa = PBXFileReference; lastKnownFileType = wrapper.framework; name = Foundation.framework; path = System/Library/Frameworks/Foundation.framework; sourceTree = SDKROOT; };
		23DAACE718933AD30016CE31 /* CoreGraphics.framework */ = {isa = PBXFileReference; lastKnownFileType = wrapper.framework; name = CoreGraphics.framework; path = System/Library/Frameworks/CoreGraphics.framework; sourceTree = SDKROOT; };
		23DAACE918933AD30016CE31 /* UIKit.framework */ = {isa = PBXFileReference; lastKnownFileType = wrapper.framework; name = UIKit.framework; path = System/Library/Frameworks/UIKit.framework; sourceTree = SDKROOT; };
		23DAACEB18933AD30016CE31 /* SpriteKit.framework */ = {isa = PBXFileReference; lastKnownFileType = wrapper.framework; name = SpriteKit.framework; path = System/Library/Frameworks/SpriteKit.framework; sourceTree = SDKROOT; };
		23DAACEF18933AD30016CE31 /* PitaBread-Info.plist */ = {isa = PBXFileReference; lastKnownFileType = text.plist.xml; path = "PitaBread-Info.plist"; sourceTree = "<group>"; };
		23DAACF118933AD30016CE31 /* en */ = {isa = PBXFileReference; lastKnownFileType = text.plist.strings; name = en; path = en.lproj/InfoPlist.strings; sourceTree = "<group>"; };
		23DAACF318933AD30016CE31 /* main.m */ = {isa = PBXFileReference; lastKnownFileType = sourcecode.c.objc; path = main.m; sourceTree = "<group>"; };
		23DAACF518933AD30016CE31 /* PitaBread-Prefix.pch */ = {isa = PBXFileReference; lastKnownFileType = sourcecode.c.h; path = "PitaBread-Prefix.pch"; sourceTree = "<group>"; };
		23DAACF618933AD30016CE31 /* PTAppDelegate.h */ = {isa = PBXFileReference; lastKnownFileType = sourcecode.c.h; path = PTAppDelegate.h; sourceTree = "<group>"; };
		23DAACF718933AD30016CE31 /* PTAppDelegate.m */ = {isa = PBXFileReference; lastKnownFileType = sourcecode.c.objc; path = PTAppDelegate.m; sourceTree = "<group>"; };
		23DAACFA18933AD30016CE31 /* Base */ = {isa = PBXFileReference; lastKnownFileType = file.storyboard; name = Base; path = Base.lproj/Main.storyboard; sourceTree = "<group>"; };
		23DAACFC18933AD30016CE31 /* PTViewController.h */ = {isa = PBXFileReference; lastKnownFileType = sourcecode.c.h; path = PTViewController.h; sourceTree = "<group>"; };
		23DAACFD18933AD30016CE31 /* PTViewController.m */ = {isa = PBXFileReference; lastKnownFileType = sourcecode.c.objc; path = PTViewController.m; sourceTree = "<group>"; };
		23DAAD0418933AD30016CE31 /* Images.xcassets */ = {isa = PBXFileReference; lastKnownFileType = folder.assetcatalog; path = Images.xcassets; sourceTree = "<group>"; };
		23DAAD0A18933AD30016CE31 /* PitaBreadTests.xctest */ = {isa = PBXFileReference; explicitFileType = wrapper.cfbundle; includeInIndex = 0; path = PitaBreadTests.xctest; sourceTree = BUILT_PRODUCTS_DIR; };
		23DAAD0B18933AD30016CE31 /* XCTest.framework */ = {isa = PBXFileReference; lastKnownFileType = wrapper.framework; name = XCTest.framework; path = Library/Frameworks/XCTest.framework; sourceTree = DEVELOPER_DIR; };
		23DAAD1318933AD30016CE31 /* PitaBreadTests-Info.plist */ = {isa = PBXFileReference; lastKnownFileType = text.plist.xml; path = "PitaBreadTests-Info.plist"; sourceTree = "<group>"; };
		23DAAD1518933AD30016CE31 /* en */ = {isa = PBXFileReference; lastKnownFileType = text.plist.strings; name = en; path = en.lproj/InfoPlist.strings; sourceTree = "<group>"; };
		23DAAD1718933AD30016CE31 /* PitaBreadTests.m */ = {isa = PBXFileReference; lastKnownFileType = sourcecode.c.objc; path = PitaBreadTests.m; sourceTree = "<group>"; };
		23DAAD211893431A0016CE31 /* PTCritter.h */ = {isa = PBXFileReference; fileEncoding = 4; lastKnownFileType = sourcecode.c.h; path = PTCritter.h; sourceTree = "<group>"; };
		23DAAD221893431A0016CE31 /* PTCritter.m */ = {isa = PBXFileReference; fileEncoding = 4; lastKnownFileType = sourcecode.c.objc; path = PTCritter.m; sourceTree = "<group>"; };
		23DAAD30189370B30016CE31 /* idle.jpg */ = {isa = PBXFileReference; lastKnownFileType = image.jpeg; path = idle.jpg; sourceTree = "<group>"; };
		C487895E189351DE009D79D5 /* PTHotPocketDetector.h */ = {isa = PBXFileReference; fileEncoding = 4; lastKnownFileType = sourcecode.c.h; path = PTHotPocketDetector.h; sourceTree = "<group>"; };
		C487895F189351DE009D79D5 /* PTHotPocketDetector.m */ = {isa = PBXFileReference; fileEncoding = 4; lastKnownFileType = sourcecode.c.objc; path = PTHotPocketDetector.m; sourceTree = "<group>"; };
		C487896418936D78009D79D5 /* PTColorHistogram.h */ = {isa = PBXFileReference; fileEncoding = 4; lastKnownFileType = sourcecode.c.h; path = PTColorHistogram.h; sourceTree = "<group>"; };
		C487896518936D78009D79D5 /* PTColorHistogram.m */ = {isa = PBXFileReference; fileEncoding = 4; lastKnownFileType = sourcecode.c.objc; path = PTColorHistogram.m; sourceTree = "<group>"; };
		C487896618936D78009D79D5 /* test_photo.jpg */ = {isa = PBXFileReference; lastKnownFileType = image.jpeg; path = test_photo.jpg; sourceTree = "<group>"; };
		C48789691893777A009D79D5 /* natural_hotpocket.jpg */ = {isa = PBXFileReference; lastKnownFileType = image.jpeg; path = natural_hotpocket.jpg; sourceTree = "<group>"; };
		D43F94C81893A116000C1B51 /* PTConstants.h */ = {isa = PBXFileReference; fileEncoding = 4; lastKnownFileType = sourcecode.c.h; path = PTConstants.h; sourceTree = "<group>"; };
		D43F94C91893A116000C1B51 /* PTConstants.m */ = {isa = PBXFileReference; fileEncoding = 4; lastKnownFileType = sourcecode.c.objc; path = PTConstants.m; sourceTree = "<group>"; };
		F12630261893B183008D8989 /* camera.png */ = {isa = PBXFileReference; lastKnownFileType = image.png; name = camera.png; path = images/camera.png; sourceTree = "<group>"; };
		F12630281893BF20008D8989 /* bowl.png */ = {isa = PBXFileReference; lastKnownFileType = image.png; name = bowl.png; path = images/bowl.png; sourceTree = "<group>"; };
		F126302A1893BF28008D8989 /* sprite_eating.png */ = {isa = PBXFileReference; lastKnownFileType = image.png; name = sprite_eating.png; path = images/sprite_eating.png; sourceTree = "<group>"; };
		F14246AE1893CF4D002033BD /* eating1.png */ = {isa = PBXFileReference; lastKnownFileType = image.png; path = eating1.png; sourceTree = "<group>"; };
		F14246AF1893CF4D002033BD /* eating10.png */ = {isa = PBXFileReference; lastKnownFileType = image.png; path = eating10.png; sourceTree = "<group>"; };
		F14246B01893CF4D002033BD /* eating2.png */ = {isa = PBXFileReference; lastKnownFileType = image.png; path = eating2.png; sourceTree = "<group>"; };
		F14246B11893CF4D002033BD /* eating3.png */ = {isa = PBXFileReference; lastKnownFileType = image.png; path = eating3.png; sourceTree = "<group>"; };
		F14246B21893CF4D002033BD /* eating4.png */ = {isa = PBXFileReference; lastKnownFileType = image.png; path = eating4.png; sourceTree = "<group>"; };
		F14246B31893CF4D002033BD /* eating5.png */ = {isa = PBXFileReference; lastKnownFileType = image.png; path = eating5.png; sourceTree = "<group>"; };
		F14246B41893CF4D002033BD /* eating6.png */ = {isa = PBXFileReference; lastKnownFileType = image.png; path = eating6.png; sourceTree = "<group>"; };
		F14246B51893CF4D002033BD /* eating7.png */ = {isa = PBXFileReference; lastKnownFileType = image.png; path = eating7.png; sourceTree = "<group>"; };
		F14246B61893CF4D002033BD /* eating8.png */ = {isa = PBXFileReference; lastKnownFileType = image.png; path = eating8.png; sourceTree = "<group>"; };
		F14246B71893CF4D002033BD /* eating9.png */ = {isa = PBXFileReference; lastKnownFileType = image.png; path = eating9.png; sourceTree = "<group>"; };
		F14246C31893D41E002033BD /* idle1.png */ = {isa = PBXFileReference; lastKnownFileType = image.png; path = idle1.png; sourceTree = "<group>"; };
		F14246C41893D41E002033BD /* idle2.png */ = {isa = PBXFileReference; lastKnownFileType = image.png; path = idle2.png; sourceTree = "<group>"; };
		F14246C51893D41E002033BD /* idle3.png */ = {isa = PBXFileReference; lastKnownFileType = image.png; path = idle3.png; sourceTree = "<group>"; };
		F14246C61893D41E002033BD /* idle4.png */ = {isa = PBXFileReference; lastKnownFileType = image.png; path = idle4.png; sourceTree = "<group>"; };
		F14246C71893D41E002033BD /* idle5.png */ = {isa = PBXFileReference; lastKnownFileType = image.png; path = idle5.png; sourceTree = "<group>"; };
		F14246C81893D41E002033BD /* idle6.png */ = {isa = PBXFileReference; lastKnownFileType = image.png; path = idle6.png; sourceTree = "<group>"; };
		F14246C91893D41E002033BD /* idle7.png */ = {isa = PBXFileReference; lastKnownFileType = image.png; path = idle7.png; sourceTree = "<group>"; };
		F14246D11893D6AE002033BD /* bowl.png */ = {isa = PBXFileReference; lastKnownFileType = image.png; name = bowl.png; path = ../../PitaBread/PitaBread/images/bowl.png; sourceTree = "<group>"; };
		F14246D41893DCF9002033BD /* happ6.png */ = {isa = PBXFileReference; lastKnownFileType = image.png; path = happ6.png; sourceTree = "<group>"; };
		F14246D51893DCF9002033BD /* happy1.png */ = {isa = PBXFileReference; lastKnownFileType = image.png; path = happy1.png; sourceTree = "<group>"; };
		F14246D61893DCF9002033BD /* happy2.png */ = {isa = PBXFileReference; lastKnownFileType = image.png; path = happy2.png; sourceTree = "<group>"; };
		F14246D71893DCF9002033BD /* happy3.png */ = {isa = PBXFileReference; lastKnownFileType = image.png; path = happy3.png; sourceTree = "<group>"; };
		F14246D81893DCF9002033BD /* happy4.png */ = {isa = PBXFileReference; lastKnownFileType = image.png; path = happy4.png; sourceTree = "<group>"; };
		F14246D91893DCF9002033BD /* happy5.png */ = {isa = PBXFileReference; lastKnownFileType = image.png; path = happy5.png; sourceTree = "<group>"; };
		F14246DB1893DCF9002033BD /* mad1.png */ = {isa = PBXFileReference; lastKnownFileType = image.png; path = mad1.png; sourceTree = "<group>"; };
		F14246DC1893DCF9002033BD /* mad2.png */ = {isa = PBXFileReference; lastKnownFileType = image.png; path = mad2.png; sourceTree = "<group>"; };
		F14246DD1893DCF9002033BD /* mad3.png */ = {isa = PBXFileReference; lastKnownFileType = image.png; path = mad3.png; sourceTree = "<group>"; };
		F14246DE1893DCF9002033BD /* mad4.png */ = {isa = PBXFileReference; lastKnownFileType = image.png; path = mad4.png; sourceTree = "<group>"; };
		F14246DF1893DCF9002033BD /* mad5.png */ = {isa = PBXFileReference; lastKnownFileType = image.png; path = mad5.png; sourceTree = "<group>"; };
		F14246E01893DCF9002033BD /* mad6.png */ = {isa = PBXFileReference; lastKnownFileType = image.png; path = mad6.png; sourceTree = "<group>"; };
		F14246E11893DCF9002033BD /* mad7.png */ = {isa = PBXFileReference; lastKnownFileType = image.png; path = mad7.png; sourceTree = "<group>"; };
		F14246E21893DCF9002033BD /* mad8.png */ = {isa = PBXFileReference; lastKnownFileType = image.png; path = mad8.png; sourceTree = "<group>"; };
/* End PBXFileReference section */

/* Begin PBXFrameworksBuildPhase section */
		23DAACDF18933AD30016CE31 /* Frameworks */ = {
			isa = PBXFrameworksBuildPhase;
			buildActionMask = 2147483647;
			files = (
				23DAACE818933AD30016CE31 /* CoreGraphics.framework in Frameworks */,
				23DAACEA18933AD30016CE31 /* UIKit.framework in Frameworks */,
				23DAACEC18933AD30016CE31 /* SpriteKit.framework in Frameworks */,
				23DAACE618933AD30016CE31 /* Foundation.framework in Frameworks */,
			);
			runOnlyForDeploymentPostprocessing = 0;
		};
		23DAAD0718933AD30016CE31 /* Frameworks */ = {
			isa = PBXFrameworksBuildPhase;
			buildActionMask = 2147483647;
			files = (
				23DAAD0C18933AD30016CE31 /* XCTest.framework in Frameworks */,
				23DAAD0E18933AD30016CE31 /* UIKit.framework in Frameworks */,
				23DAAD0D18933AD30016CE31 /* Foundation.framework in Frameworks */,
			);
			runOnlyForDeploymentPostprocessing = 0;
		};
/* End PBXFrameworksBuildPhase section */

/* Begin PBXGroup section */
		23DAACD918933AD30016CE31 = {
			isa = PBXGroup;
			children = (
				23DAACED18933AD30016CE31 /* PitaBread */,
				23DAAD1118933AD30016CE31 /* PitaBreadTests */,
				23DAACE418933AD30016CE31 /* Frameworks */,
				23DAACE318933AD30016CE31 /* Products */,
			);
			sourceTree = "<group>";
		};
		23DAACE318933AD30016CE31 /* Products */ = {
			isa = PBXGroup;
			children = (
				23DAACE218933AD30016CE31 /* PitaBread.app */,
				23DAAD0A18933AD30016CE31 /* PitaBreadTests.xctest */,
			);
			name = Products;
			sourceTree = "<group>";
		};
		23DAACE418933AD30016CE31 /* Frameworks */ = {
			isa = PBXGroup;
			children = (
				23DAACE518933AD30016CE31 /* Foundation.framework */,
				23DAACE718933AD30016CE31 /* CoreGraphics.framework */,
				23DAACE918933AD30016CE31 /* UIKit.framework */,
				23DAACEB18933AD30016CE31 /* SpriteKit.framework */,
				23DAAD0B18933AD30016CE31 /* XCTest.framework */,
			);
			name = Frameworks;
			sourceTree = "<group>";
		};
		23DAACED18933AD30016CE31 /* PitaBread */ = {
			isa = PBXGroup;
			children = (
				D43F94C81893A116000C1B51 /* PTConstants.h */,
				D43F94C91893A116000C1B51 /* PTConstants.m */,
				2345490018937D5B00CC674C /* idle.jpg */,
				C48789691893777A009D79D5 /* natural_hotpocket.jpg */,
				C487896418936D78009D79D5 /* PTColorHistogram.h */,
				C487896518936D78009D79D5 /* PTColorHistogram.m */,
				C487896618936D78009D79D5 /* test_photo.jpg */,
				23DAACF618933AD30016CE31 /* PTAppDelegate.h */,
				23DAACF718933AD30016CE31 /* PTAppDelegate.m */,
				23DAAD211893431A0016CE31 /* PTCritter.h */,
				23DAAD221893431A0016CE31 /* PTCritter.m */,
				23DAACF918933AD30016CE31 /* Main.storyboard */,
				23DAACFC18933AD30016CE31 /* PTViewController.h */,
				23DAACFD18933AD30016CE31 /* PTViewController.m */,
				23DAAD0418933AD30016CE31 /* Images.xcassets */,
				F12630261893B183008D8989 /* camera.png */,
				F12630281893BF20008D8989 /* bowl.png */,
				F126302A1893BF28008D8989 /* sprite_eating.png */,
				23DAACEE18933AD30016CE31 /* Supporting Files */,
				C487895E189351DE009D79D5 /* PTHotPocketDetector.h */,
				C487895F189351DE009D79D5 /* PTHotPocketDetector.m */,
				F14246D11893D6AE002033BD /* bowl.png */,
				F14246D31893DCF9002033BD /* spriteHappy */,
				F14246DA1893DCF9002033BD /* spriteMad */,
				F14246C21893D41E002033BD /* spriteIdle */,
				F14246AD1893CF4D002033BD /* spriteEating */,
			);
			path = PitaBread;
			sourceTree = "<group>";
		};
		23DAACEE18933AD30016CE31 /* Supporting Files */ = {
			isa = PBXGroup;
			children = (
				23DAACEF18933AD30016CE31 /* PitaBread-Info.plist */,
				23DAACF018933AD30016CE31 /* InfoPlist.strings */,
				23DAACF318933AD30016CE31 /* main.m */,
				23DAACF518933AD30016CE31 /* PitaBread-Prefix.pch */,
			);
			name = "Supporting Files";
			sourceTree = "<group>";
		};
		23DAAD1118933AD30016CE31 /* PitaBreadTests */ = {
			isa = PBXGroup;
			children = (
				23DAAD1718933AD30016CE31 /* PitaBreadTests.m */,
				23DAAD1218933AD30016CE31 /* Supporting Files */,
			);
			path = PitaBreadTests;
			sourceTree = "<group>";
		};
		23DAAD1218933AD30016CE31 /* Supporting Files */ = {
			isa = PBXGroup;
			children = (
				23DAAD1318933AD30016CE31 /* PitaBreadTests-Info.plist */,
				23DAAD1418933AD30016CE31 /* InfoPlist.strings */,
			);
			name = "Supporting Files";
			sourceTree = "<group>";
		};
		F14246AD1893CF4D002033BD /* spriteEating */ = {
			isa = PBXGroup;
			children = (
				F14246AE1893CF4D002033BD /* eating1.png */,
				F14246AF1893CF4D002033BD /* eating10.png */,
				F14246B01893CF4D002033BD /* eating2.png */,
				F14246B11893CF4D002033BD /* eating3.png */,
				F14246B21893CF4D002033BD /* eating4.png */,
				F14246B31893CF4D002033BD /* eating5.png */,
				F14246B41893CF4D002033BD /* eating6.png */,
				F14246B51893CF4D002033BD /* eating7.png */,
				F14246B61893CF4D002033BD /* eating8.png */,
				F14246B71893CF4D002033BD /* eating9.png */,
			);
			name = spriteEating;
			path = ../../PitaBread/PitaBread/images/spriteEating;
			sourceTree = "<group>";
		};
		F14246C21893D41E002033BD /* spriteIdle */ = {
			isa = PBXGroup;
			children = (
				F14246C31893D41E002033BD /* idle1.png */,
				F14246C41893D41E002033BD /* idle2.png */,
				F14246C51893D41E002033BD /* idle3.png */,
				F14246C61893D41E002033BD /* idle4.png */,
				F14246C71893D41E002033BD /* idle5.png */,
				F14246C81893D41E002033BD /* idle6.png */,
				F14246C91893D41E002033BD /* idle7.png */,
			);
			name = spriteIdle;
			path = ../../PitaBread/PitaBread/images/spriteIdle;
			sourceTree = "<group>";
		};
		F14246D31893DCF9002033BD /* spriteHappy */ = {
			isa = PBXGroup;
			children = (
				F14246D41893DCF9002033BD /* happ6.png */,
				F14246D51893DCF9002033BD /* happy1.png */,
				F14246D61893DCF9002033BD /* happy2.png */,
				F14246D71893DCF9002033BD /* happy3.png */,
				F14246D81893DCF9002033BD /* happy4.png */,
				F14246D91893DCF9002033BD /* happy5.png */,
			);
			name = spriteHappy;
			path = ../../PitaBread/PitaBread/images/spriteHappy;
			sourceTree = "<group>";
		};
		F14246DA1893DCF9002033BD /* spriteMad */ = {
			isa = PBXGroup;
			children = (
				F14246DB1893DCF9002033BD /* mad1.png */,
				F14246DC1893DCF9002033BD /* mad2.png */,
				F14246DD1893DCF9002033BD /* mad3.png */,
				F14246DE1893DCF9002033BD /* mad4.png */,
				F14246DF1893DCF9002033BD /* mad5.png */,
				F14246E01893DCF9002033BD /* mad6.png */,
				F14246E11893DCF9002033BD /* mad7.png */,
				F14246E21893DCF9002033BD /* mad8.png */,
			);
			name = spriteMad;
			path = ../../PitaBread/PitaBread/images/spriteMad;
			sourceTree = "<group>";
		};
/* End PBXGroup section */

/* Begin PBXNativeTarget section */
		23DAACE118933AD30016CE31 /* PitaBread */ = {
			isa = PBXNativeTarget;
			buildConfigurationList = 23DAAD1B18933AD30016CE31 /* Build configuration list for PBXNativeTarget "PitaBread" */;
			buildPhases = (
				23DAACDE18933AD30016CE31 /* Sources */,
				23DAACDF18933AD30016CE31 /* Frameworks */,
				23DAACE018933AD30016CE31 /* Resources */,
			);
			buildRules = (
			);
			dependencies = (
			);
			name = PitaBread;
			productName = PitaBread;
			productReference = 23DAACE218933AD30016CE31 /* PitaBread.app */;
			productType = "com.apple.product-type.application";
		};
		23DAAD0918933AD30016CE31 /* PitaBreadTests */ = {
			isa = PBXNativeTarget;
			buildConfigurationList = 23DAAD1E18933AD30016CE31 /* Build configuration list for PBXNativeTarget "PitaBreadTests" */;
			buildPhases = (
				23DAAD0618933AD30016CE31 /* Sources */,
				23DAAD0718933AD30016CE31 /* Frameworks */,
				23DAAD0818933AD30016CE31 /* Resources */,
			);
			buildRules = (
			);
			dependencies = (
				23DAAD1018933AD30016CE31 /* PBXTargetDependency */,
			);
			name = PitaBreadTests;
			productName = PitaBreadTests;
			productReference = 23DAAD0A18933AD30016CE31 /* PitaBreadTests.xctest */;
			productType = "com.apple.product-type.bundle.unit-test";
		};
/* End PBXNativeTarget section */

/* Begin PBXProject section */
		23DAACDA18933AD30016CE31 /* Project object */ = {
			isa = PBXProject;
			attributes = {
				CLASSPREFIX = PT;
				LastUpgradeCheck = 0500;
				ORGANIZATIONNAME = "Team Name Optional";
				TargetAttributes = {
					23DAAD0918933AD30016CE31 = {
						TestTargetID = 23DAACE118933AD30016CE31;
					};
				};
			};
			buildConfigurationList = 23DAACDD18933AD30016CE31 /* Build configuration list for PBXProject "PitaBread" */;
			compatibilityVersion = "Xcode 3.2";
			developmentRegion = English;
			hasScannedForEncodings = 0;
			knownRegions = (
				en,
				Base,
			);
			mainGroup = 23DAACD918933AD30016CE31;
			productRefGroup = 23DAACE318933AD30016CE31 /* Products */;
			projectDirPath = "";
			projectRoot = "";
			targets = (
				23DAACE118933AD30016CE31 /* PitaBread */,
				23DAAD0918933AD30016CE31 /* PitaBreadTests */,
			);
		};
/* End PBXProject section */

/* Begin PBXResourcesBuildPhase section */
		23DAACE018933AD30016CE31 /* Resources */ = {
			isa = PBXResourcesBuildPhase;
			buildActionMask = 2147483647;
			files = (
				23DAACF218933AD30016CE31 /* InfoPlist.strings in Resources */,
				F12630271893B183008D8989 /* camera.png in Resources */,
				F14246D21893D6AE002033BD /* bowl.png in Resources */,
				F14246BC1893CF4D002033BD /* eating4.png in Resources */,
				F14246F01893DCF9002033BD /* mad8.png in Resources */,
				F14246CC1893D41E002033BD /* idle3.png in Resources */,
				F14246CA1893D41E002033BD /* idle1.png in Resources */,
				23DAAD31189370B30016CE31 /* idle.jpg in Resources */,
				F14246E51893DCF9002033BD /* happy2.png in Resources */,
				F14246BD1893CF4D002033BD /* eating5.png in Resources */,
				F14246B91893CF4D002033BD /* eating10.png in Resources */,
				F14246E91893DCF9002033BD /* mad1.png in Resources */,
				F14246EA1893DCF9002033BD /* mad2.png in Resources */,
				F14246ED1893DCF9002033BD /* mad5.png in Resources */,
				F14246BA1893CF4D002033BD /* eating2.png in Resources */,
				F14246B81893CF4D002033BD /* eating1.png in Resources */,
				F14246E31893DCF9002033BD /* happ6.png in Resources */,
				23DAAD0518933AD30016CE31 /* Images.xcassets in Resources */,
				F126302B1893BF28008D8989 /* sprite_eating.png in Resources */,
				F14246C11893CF4D002033BD /* eating9.png in Resources */,
				F14246D01893D41E002033BD /* idle7.png in Resources */,
				F14246BF1893CF4D002033BD /* eating7.png in Resources */,
				F14246EB1893DCF9002033BD /* mad3.png in Resources */,
				C487896818936D78009D79D5 /* test_photo.jpg in Resources */,
				F14246E81893DCF9002033BD /* happy5.png in Resources */,
				F14246E71893DCF9002033BD /* happy4.png in Resources */,
				F14246BB1893CF4D002033BD /* eating3.png in Resources */,
				F14246BE1893CF4D002033BD /* eating6.png in Resources */,
				2345490118937D5B00CC674C /* idle.jpg in Resources */,
				23DAACFB18933AD30016CE31 /* Main.storyboard in Resources */,
				F14246E61893DCF9002033BD /* happy3.png in Resources */,
				F14246EC1893DCF9002033BD /* mad4.png in Resources */,
				F14246C01893CF4D002033BD /* eating8.png in Resources */,
				F12630291893BF20008D8989 /* bowl.png in Resources */,
				F14246E41893DCF9002033BD /* happy1.png in Resources */,
				F14246CB1893D41E002033BD /* idle2.png in Resources */,
				F14246EE1893DCF9002033BD /* mad6.png in Resources */,
				F14246EF1893DCF9002033BD /* mad7.png in Resources */,
				F14246CD1893D41E002033BD /* idle4.png in Resources */,
				F14246CF1893D41E002033BD /* idle6.png in Resources */,
				F14246CE1893D41E002033BD /* idle5.png in Resources */,
			);
			runOnlyForDeploymentPostprocessing = 0;
		};
		23DAAD0818933AD30016CE31 /* Resources */ = {
			isa = PBXResourcesBuildPhase;
			buildActionMask = 2147483647;
			files = (
				23DAAD1618933AD30016CE31 /* InfoPlist.strings in Resources */,
			);
			runOnlyForDeploymentPostprocessing = 0;
		};
/* End PBXResourcesBuildPhase section */

/* Begin PBXSourcesBuildPhase section */
		23DAACDE18933AD30016CE31 /* Sources */ = {
			isa = PBXSourcesBuildPhase;
			buildActionMask = 2147483647;
			files = (
				C4878960189351DE009D79D5 /* PTHotPocketDetector.m in Sources */,
				23DAACF818933AD30016CE31 /* PTAppDelegate.m in Sources */,
				C487896718936D78009D79D5 /* PTColorHistogram.m in Sources */,
				23DAACFE18933AD30016CE31 /* PTViewController.m in Sources */,
				23DAAD231893431A0016CE31 /* PTCritter.m in Sources */,
				D43F94CA1893A116000C1B51 /* PTConstants.m in Sources */,
				23DAACF418933AD30016CE31 /* main.m in Sources */,
			);
			runOnlyForDeploymentPostprocessing = 0;
		};
		23DAAD0618933AD30016CE31 /* Sources */ = {
			isa = PBXSourcesBuildPhase;
			buildActionMask = 2147483647;
			files = (
				23DAAD1818933AD30016CE31 /* PitaBreadTests.m in Sources */,
			);
			runOnlyForDeploymentPostprocessing = 0;
		};
/* End PBXSourcesBuildPhase section */

/* Begin PBXTargetDependency section */
		23DAAD1018933AD30016CE31 /* PBXTargetDependency */ = {
			isa = PBXTargetDependency;
			target = 23DAACE118933AD30016CE31 /* PitaBread */;
			targetProxy = 23DAAD0F18933AD30016CE31 /* PBXContainerItemProxy */;
		};
/* End PBXTargetDependency section */

/* Begin PBXVariantGroup section */
		23DAACF018933AD30016CE31 /* InfoPlist.strings */ = {
			isa = PBXVariantGroup;
			children = (
				23DAACF118933AD30016CE31 /* en */,
			);
			name = InfoPlist.strings;
			sourceTree = "<group>";
		};
		23DAACF918933AD30016CE31 /* Main.storyboard */ = {
			isa = PBXVariantGroup;
			children = (
				23DAACFA18933AD30016CE31 /* Base */,
			);
			name = Main.storyboard;
			sourceTree = "<group>";
		};
		23DAAD1418933AD30016CE31 /* InfoPlist.strings */ = {
			isa = PBXVariantGroup;
			children = (
				23DAAD1518933AD30016CE31 /* en */,
			);
			name = InfoPlist.strings;
			sourceTree = "<group>";
		};
/* End PBXVariantGroup section */

/* Begin XCBuildConfiguration section */
		23DAAD1918933AD30016CE31 /* Debug */ = {
			isa = XCBuildConfiguration;
			buildSettings = {
				ALWAYS_SEARCH_USER_PATHS = NO;
				ARCHS = "$(ARCHS_STANDARD_INCLUDING_64_BIT)";
				CLANG_CXX_LANGUAGE_STANDARD = "gnu++0x";
				CLANG_CXX_LIBRARY = "libc++";
				CLANG_ENABLE_MODULES = YES;
				CLANG_ENABLE_OBJC_ARC = YES;
				CLANG_WARN_BOOL_CONVERSION = YES;
				CLANG_WARN_CONSTANT_CONVERSION = YES;
				CLANG_WARN_DIRECT_OBJC_ISA_USAGE = YES_ERROR;
				CLANG_WARN_EMPTY_BODY = YES;
				CLANG_WARN_ENUM_CONVERSION = YES;
				CLANG_WARN_INT_CONVERSION = YES;
				CLANG_WARN_OBJC_ROOT_CLASS = YES_ERROR;
				CLANG_WARN__DUPLICATE_METHOD_MATCH = YES;
				"CODE_SIGN_IDENTITY[sdk=iphoneos*]" = "iPhone Developer";
				COPY_PHASE_STRIP = NO;
				GCC_C_LANGUAGE_STANDARD = gnu99;
				GCC_DYNAMIC_NO_PIC = NO;
				GCC_OPTIMIZATION_LEVEL = 0;
				GCC_PREPROCESSOR_DEFINITIONS = (
					"DEBUG=1",
					"$(inherited)",
				);
				GCC_SYMBOLS_PRIVATE_EXTERN = NO;
				GCC_WARN_64_TO_32_BIT_CONVERSION = YES;
				GCC_WARN_ABOUT_RETURN_TYPE = YES_ERROR;
				GCC_WARN_UNDECLARED_SELECTOR = YES;
				GCC_WARN_UNINITIALIZED_AUTOS = YES;
				GCC_WARN_UNUSED_FUNCTION = YES;
				GCC_WARN_UNUSED_VARIABLE = YES;
				IPHONEOS_DEPLOYMENT_TARGET = 7.0;
				ONLY_ACTIVE_ARCH = YES;
				SDKROOT = iphoneos;
			};
			name = Debug;
		};
		23DAAD1A18933AD30016CE31 /* Release */ = {
			isa = XCBuildConfiguration;
			buildSettings = {
				ALWAYS_SEARCH_USER_PATHS = NO;
				ARCHS = "$(ARCHS_STANDARD_INCLUDING_64_BIT)";
				CLANG_CXX_LANGUAGE_STANDARD = "gnu++0x";
				CLANG_CXX_LIBRARY = "libc++";
				CLANG_ENABLE_MODULES = YES;
				CLANG_ENABLE_OBJC_ARC = YES;
				CLANG_WARN_BOOL_CONVERSION = YES;
				CLANG_WARN_CONSTANT_CONVERSION = YES;
				CLANG_WARN_DIRECT_OBJC_ISA_USAGE = YES_ERROR;
				CLANG_WARN_EMPTY_BODY = YES;
				CLANG_WARN_ENUM_CONVERSION = YES;
				CLANG_WARN_INT_CONVERSION = YES;
				CLANG_WARN_OBJC_ROOT_CLASS = YES_ERROR;
				CLANG_WARN__DUPLICATE_METHOD_MATCH = YES;
				"CODE_SIGN_IDENTITY[sdk=iphoneos*]" = "iPhone Developer";
				COPY_PHASE_STRIP = YES;
				ENABLE_NS_ASSERTIONS = NO;
				GCC_C_LANGUAGE_STANDARD = gnu99;
				GCC_WARN_64_TO_32_BIT_CONVERSION = YES;
				GCC_WARN_ABOUT_RETURN_TYPE = YES_ERROR;
				GCC_WARN_UNDECLARED_SELECTOR = YES;
				GCC_WARN_UNINITIALIZED_AUTOS = YES;
				GCC_WARN_UNUSED_FUNCTION = YES;
				GCC_WARN_UNUSED_VARIABLE = YES;
				IPHONEOS_DEPLOYMENT_TARGET = 7.0;
				SDKROOT = iphoneos;
				VALIDATE_PRODUCT = YES;
			};
			name = Release;
		};
		23DAAD1C18933AD30016CE31 /* Debug */ = {
			isa = XCBuildConfiguration;
			buildSettings = {
				ASSETCATALOG_COMPILER_APPICON_NAME = AppIcon;
				ASSETCATALOG_COMPILER_LAUNCHIMAGE_NAME = LaunchImage;
				GCC_PRECOMPILE_PREFIX_HEADER = YES;
				GCC_PREFIX_HEADER = "PitaBread/PitaBread-Prefix.pch";
				INFOPLIST_FILE = "PitaBread/PitaBread-Info.plist";
				PRODUCT_NAME = "$(TARGET_NAME)";
				SPRITEKIT_TEXTURE_ATLAS_OUTPUT = YES;
				WRAPPER_EXTENSION = app;
			};
			name = Debug;
		};
		23DAAD1D18933AD30016CE31 /* Release */ = {
			isa = XCBuildConfiguration;
			buildSettings = {
				ASSETCATALOG_COMPILER_APPICON_NAME = AppIcon;
				ASSETCATALOG_COMPILER_LAUNCHIMAGE_NAME = LaunchImage;
				GCC_PRECOMPILE_PREFIX_HEADER = YES;
				GCC_PREFIX_HEADER = "PitaBread/PitaBread-Prefix.pch";
				INFOPLIST_FILE = "PitaBread/PitaBread-Info.plist";
				PRODUCT_NAME = "$(TARGET_NAME)";
				SPRITEKIT_TEXTURE_ATLAS_OUTPUT = YES;
				WRAPPER_EXTENSION = app;
			};
			name = Release;
		};
		23DAAD1F18933AD30016CE31 /* Debug */ = {
			isa = XCBuildConfiguration;
			buildSettings = {
				ARCHS = "$(ARCHS_STANDARD_INCLUDING_64_BIT)";
				BUNDLE_LOADER = "$(BUILT_PRODUCTS_DIR)/PitaBread.app/PitaBread";
				FRAMEWORK_SEARCH_PATHS = (
					"$(SDKROOT)/Developer/Library/Frameworks",
					"$(inherited)",
					"$(DEVELOPER_FRAMEWORKS_DIR)",
				);
				GCC_PRECOMPILE_PREFIX_HEADER = YES;
				GCC_PREFIX_HEADER = "PitaBread/PitaBread-Prefix.pch";
				GCC_PREPROCESSOR_DEFINITIONS = (
					"DEBUG=1",
					"$(inherited)",
				);
				INFOPLIST_FILE = "PitaBreadTests/PitaBreadTests-Info.plist";
				PRODUCT_NAME = "$(TARGET_NAME)";
				TEST_HOST = "$(BUNDLE_LOADER)";
				WRAPPER_EXTENSION = xctest;
			};
			name = Debug;
		};
		23DAAD2018933AD30016CE31 /* Release */ = {
			isa = XCBuildConfiguration;
			buildSettings = {
				ARCHS = "$(ARCHS_STANDARD_INCLUDING_64_BIT)";
				BUNDLE_LOADER = "$(BUILT_PRODUCTS_DIR)/PitaBread.app/PitaBread";
				FRAMEWORK_SEARCH_PATHS = (
					"$(SDKROOT)/Developer/Library/Frameworks",
					"$(inherited)",
					"$(DEVELOPER_FRAMEWORKS_DIR)",
				);
				GCC_PRECOMPILE_PREFIX_HEADER = YES;
				GCC_PREFIX_HEADER = "PitaBread/PitaBread-Prefix.pch";
				INFOPLIST_FILE = "PitaBreadTests/PitaBreadTests-Info.plist";
				PRODUCT_NAME = "$(TARGET_NAME)";
				TEST_HOST = "$(BUNDLE_LOADER)";
				WRAPPER_EXTENSION = xctest;
			};
			name = Release;
		};
/* End XCBuildConfiguration section */

/* Begin XCConfigurationList section */
		23DAACDD18933AD30016CE31 /* Build configuration list for PBXProject "PitaBread" */ = {
			isa = XCConfigurationList;
			buildConfigurations = (
				23DAAD1918933AD30016CE31 /* Debug */,
				23DAAD1A18933AD30016CE31 /* Release */,
			);
			defaultConfigurationIsVisible = 0;
			defaultConfigurationName = Release;
		};
		23DAAD1B18933AD30016CE31 /* Build configuration list for PBXNativeTarget "PitaBread" */ = {
			isa = XCConfigurationList;
			buildConfigurations = (
				23DAAD1C18933AD30016CE31 /* Debug */,
				23DAAD1D18933AD30016CE31 /* Release */,
			);
			defaultConfigurationIsVisible = 0;
			defaultConfigurationName = Release;
		};
		23DAAD1E18933AD30016CE31 /* Build configuration list for PBXNativeTarget "PitaBreadTests" */ = {
			isa = XCConfigurationList;
			buildConfigurations = (
				23DAAD1F18933AD30016CE31 /* Debug */,
				23DAAD2018933AD30016CE31 /* Release */,
			);
			defaultConfigurationIsVisible = 0;
			defaultConfigurationName = Release;
		};
/* End XCConfigurationList section */
	};
	rootObject = 23DAACDA18933AD30016CE31 /* Project object */;
}
